
Microsoft Visual Studio Solution File, Format Version 12.00
# Visual Studio Version 17
VisualStudioVersion = 17.5.002.0
MinimumVisualStudioVersion = 10.0.40219.1
Project("{9A19103F-16F7-4668-BE54-9A1E7A4F7556}") = "YemekTarifiSitesi", "YemekTarifiSitesi.csproj", "{9A18677C-0017-4342-A653-E78982AE9050}"
EndProject
Global
	GlobalSection(SolutionConfigurationPlatforms) = preSolution
		Debug|Any CPU = Debug|Any CPU
		Release|Any CPU = Release|Any CPU
	EndGlobalSection
	GlobalSection(ProjectConfigurationPlatforms) = postSolution
		{9A18677C-0017-4342-A653-E78982AE9050}.Debug|Any CPU.ActiveCfg = Debug|Any CPU
		{9A18677C-0017-4342-A653-E78982AE9050}.Debug|Any CPU.Build.0 = Debug|Any CPU
		{9A18677C-0017-4342-A653-E78982AE9050}.Release|Any CPU.ActiveCfg = Release|Any CPU
		{9A18677C-0017-4342-A653-E78982AE9050}.Release|Any CPU.Build.0 = Release|Any CPU
	EndGlobalSection
	GlobalSection(SolutionProperties) = preSolution
		HideSolutionNode = FALSE
	EndGlobalSection
	GlobalSection(ExtensibilityGlobals) = postSolution
		SolutionGuid = {01B0B6A6-3769-4035-8C23-6A2027622636}
	EndGlobalSection
EndGlobal
